
Microsoft Visual Studio Solution File, Format Version 12.00
# Visual Studio 15
VisualStudioVersion = 15.0.28307.1433
MinimumVisualStudioVersion = 10.0.40219.1
Project("{FAE04EC0-301F-11D3-BF4B-00C04F79EFBC}") = "ChatserverApp", "ChatserverApp\ChatserverApp.csproj", "{976D852C-9DC5-48CF-BC2D-9A9953845011}"
EndProject
Global
	GlobalSection(SolutionConfigurationPlatforms) = preSolution
		Debug|Any CPU = Debug|Any CPU
		Release|Any CPU = Release|Any CPU
	EndGlobalSection
	GlobalSection(ProjectConfigurationPlatforms) = postSolution
		{976D852C-9DC5-48CF-BC2D-9A9953845011}.Debug|Any CPU.ActiveCfg = Debug|Any CPU
		{976D852C-9DC5-48CF-BC2D-9A9953845011}.Debug|Any CPU.Build.0 = Debug|Any CPU
		{976D852C-9DC5-48CF-BC2D-9A9953845011}.Release|Any CPU.ActiveCfg = Release|Any CPU
		{976D852C-9DC5-48CF-BC2D-9A9953845011}.Release|Any CPU.Build.0 = Release|Any CPU
	EndGlobalSection
	GlobalSection(SolutionProperties) = preSolution
		HideSolutionNode = FALSE
	EndGlobalSection
	GlobalSection(ExtensibilityGlobals) = postSolution
		SolutionGuid = {5648E157-54F7-4510-9324-AB4BBC815355}
	EndGlobalSection
EndGlobal
